{
  "lockfileVersion": 1,
  "configVersion": 1,
  "workspaces": {
    "": {
      "name": "opencode-google-ai-search-plugin",
      "dependencies": {
        "@mozilla/readability": "^0.6.0",
        "jsdom": "^28.1.0",
        "playwright-core": "^1.58.2",
        "turndown": "^7.2.2",
      },
      "devDependencies": {
        "@opencode-ai/plugin": "latest",
        "@types/jsdom": "^28.0.0",
        "@types/mozilla-readability": "^0.2.1",
        "@types/node": "^25.3.0",
        "@types/turndown": "^5.0.6",
        "typescript": "latest",
      },
      "peerDependencies": {
        "@opencode-ai/plugin": "latest",
        "playwright": "latest",
      },
    },
  },
  "packages": {
    "@acemir/cssom": ["@acemir/cssom@0.9.31", "https://registry.npmmirror.com/@acemir/cssom/-/cssom-0.9.31.tgz", {}, "sha512-ZnR3GSaH+/vJ0YlHau21FjfLYjMpYVIzTD8M8vIEQvIGxeOXyXdzCI140rrCY862p/C/BbzWsjc1dgnM9mkoTA=="],

    "@asamuzakjp/css-color": ["@asamuzakjp/css-color@5.0.1", "https://registry.npmmirror.com/@asamuzakjp/css-color/-/css-color-5.0.1.tgz", { "dependencies": { "@csstools/css-calc": "^3.1.1", "@csstools/css-color-parser": "^4.0.2", "@csstools/css-parser-algorithms": "^4.0.0", "@csstools/css-tokenizer": "^4.0.0", "lru-cache": "^11.2.6" } }, "sha512-2SZFvqMyvboVV1d15lMf7XiI3m7SDqXUuKaTymJYLN6dSGadqp+fVojqJlVoMlbZnlTmu3S0TLwLTJpvBMO1Aw=="],

    "@asamuzakjp/dom-selector": ["@asamuzakjp/dom-selector@6.8.1", "https://registry.npmmirror.com/@asamuzakjp/dom-selector/-/dom-selector-6.8.1.tgz", { "dependencies": { "@asamuzakjp/nwsapi": "^2.3.9", "bidi-js": "^1.0.3", "css-tree": "^3.1.0", "is-potential-custom-element-name": "^1.0.1", "lru-cache": "^11.2.6" } }, "sha512-MvRz1nCqW0fsy8Qz4dnLIvhOlMzqDVBabZx6lH+YywFDdjXhMY37SmpV1XFX3JzG5GWHn63j6HX6QPr3lZXHvQ=="],

    "@asamuzakjp/nwsapi": ["@asamuzakjp/nwsapi@2.3.9", "https://registry.npmmirror.com/@asamuzakjp/nwsapi/-/nwsapi-2.3.9.tgz", {}, "sha512-n8GuYSrI9bF7FFZ/SjhwevlHc8xaVlb/7HmHelnc/PZXBD2ZR49NnN9sMMuDdEGPeeRQ5d0hqlSlEpgCX3Wl0Q=="],

    "@bramus/specificity": ["@bramus/specificity@2.4.2", "https://registry.npmmirror.com/@bramus/specificity/-/specificity-2.4.2.tgz", { "dependencies": { "css-tree": "^3.0.0" }, "bin": { "specificity": "bin/cli.js" } }, "sha512-ctxtJ/eA+t+6q2++vj5j7FYX3nRu311q1wfYH3xjlLOsczhlhxAg2FWNUXhpGvAw3BWo1xBcvOV6/YLc2r5FJw=="],

    "@csstools/color-helpers": ["@csstools/color-helpers@6.0.2", "https://registry.npmmirror.com/@csstools/color-helpers/-/color-helpers-6.0.2.tgz", {}, "sha512-LMGQLS9EuADloEFkcTBR3BwV/CGHV7zyDxVRtVDTwdI2Ca4it0CCVTT9wCkxSgokjE5Ho41hEPgb8OEUwoXr6Q=="],

    "@csstools/css-calc": ["@csstools/css-calc@3.1.1", "https://registry.npmmirror.com/@csstools/css-calc/-/css-calc-3.1.1.tgz", { "peerDependencies": { "@csstools/css-parser-algorithms": "^4.0.0", "@csstools/css-tokenizer": "^4.0.0" } }, "sha512-HJ26Z/vmsZQqs/o3a6bgKslXGFAungXGbinULZO3eMsOyNJHeBBZfup5FiZInOghgoM4Hwnmw+OgbJCNg1wwUQ=="],

    "@csstools/css-color-parser": ["@csstools/css-color-parser@4.0.2", "https://registry.npmmirror.com/@csstools/css-color-parser/-/css-color-parser-4.0.2.tgz", { "dependencies": { "@csstools/color-helpers": "^6.0.2", "@csstools/css-calc": "^3.1.1" }, "peerDependencies": { "@csstools/css-parser-algorithms": "^4.0.0", "@csstools/css-tokenizer": "^4.0.0" } }, "sha512-0GEfbBLmTFf0dJlpsNU7zwxRIH0/BGEMuXLTCvFYxuL1tNhqzTbtnFICyJLTNK4a+RechKP75e7w42ClXSnJQw=="],

    "@csstools/css-parser-algorithms": ["@csstools/css-parser-algorithms@4.0.0", "https://registry.npmmirror.com/@csstools/css-parser-algorithms/-/css-parser-algorithms-4.0.0.tgz", { "peerDependencies": { "@csstools/css-tokenizer": "^4.0.0" } }, "sha512-+B87qS7fIG3L5h3qwJ/IFbjoVoOe/bpOdh9hAjXbvx0o8ImEmUsGXN0inFOnk2ChCFgqkkGFQ+TpM5rbhkKe4w=="],

    "@csstools/css-syntax-patches-for-csstree": ["@csstools/css-syntax-patches-for-csstree@1.0.28", "https://registry.npmmirror.com/@csstools/css-syntax-patches-for-csstree/-/css-syntax-patches-for-csstree-1.0.28.tgz", {}, "sha512-1NRf1CUBjnr3K7hu8BLxjQrKCxEe8FP/xmPTenAxCRZWVLbmGotkFvG9mfNpjA6k7Bw1bw4BilZq9cu19RA5pg=="],

    "@csstools/css-tokenizer": ["@csstools/css-tokenizer@4.0.0", "https://registry.npmmirror.com/@csstools/css-tokenizer/-/css-tokenizer-4.0.0.tgz", {}, "sha512-QxULHAm7cNu72w97JUNCBFODFaXpbDg+dP8b/oWFAZ2MTRppA3U00Y2L1HqaS4J6yBqxwa/Y3nMBaxVKbB/NsA=="],

    "@exodus/bytes": ["@exodus/bytes@1.14.1", "https://registry.npmmirror.com/@exodus/bytes/-/bytes-1.14.1.tgz", { "peerDependencies": { "@noble/hashes": "^1.8.0 || ^2.0.0" }, "optionalPeers": ["@noble/hashes"] }, "sha512-OhkBFWI6GcRMUroChZiopRiSp2iAMvEBK47NhJooDqz1RERO4QuZIZnjP63TXX8GAiLABkYmX+fuQsdJ1dd2QQ=="],

    "@mixmark-io/domino": ["@mixmark-io/domino@2.2.0", "https://registry.npmmirror.com/@mixmark-io/domino/-/domino-2.2.0.tgz", {}, "sha512-Y28PR25bHXUg88kCV7nivXrP2Nj2RueZ3/l/jdx6J9f8J4nsEGcgX0Qe6lt7Pa+J79+kPiJU3LguR6O/6zrLOw=="],

    "@mozilla/readability": ["@mozilla/readability@0.6.0", "https://registry.npmmirror.com/@mozilla/readability/-/readability-0.6.0.tgz", {}, "sha512-juG5VWh4qAivzTAeMzvY9xs9HY5rAcr2E4I7tiSSCokRFi7XIZCAu92ZkSTsIj1OPceCifL3cpfteP3pDT9/QQ=="],

    "@opencode-ai/plugin": ["@opencode-ai/plugin@1.2.10", "https://registry.npmmirror.com/@opencode-ai/plugin/-/plugin-1.2.10.tgz", { "dependencies": { "@opencode-ai/sdk": "1.2.10", "zod": "4.1.8" } }, "sha512-Z1BMqNHnD8AGAEb+kUz0b2SOuiODwdQLdCA4aVGTXqkGzhiD44OVxr85MeoJ5AMTnnea9SnJ3jp9GAQ5riXA5g=="],

    "@opencode-ai/sdk": ["@opencode-ai/sdk@1.2.10", "https://registry.npmmirror.com/@opencode-ai/sdk/-/sdk-1.2.10.tgz", {}, "sha512-SyXcVqry2hitPVvQtvXOhqsWyFhSycG/+LTLYXrcq8AFmd9FR7dyBSDB3f5Ol6IPkYOegk8P2Eg2kKPNSNiKGw=="],

    "@types/jsdom": ["@types/jsdom@28.0.0", "https://registry.npmmirror.com/@types/jsdom/-/jsdom-28.0.0.tgz", { "dependencies": { "@types/node": "*", "@types/tough-cookie": "*", "parse5": "^7.0.0", "undici-types": "^7.21.0" } }, "sha512-A8TBQQC/xAOojy9kM8E46cqT00sF0h7dWjV8t8BJhUi2rG6JRh7XXQo/oLoENuZIQEpXsxLccLCnknyQd7qssQ=="],

    "@types/mozilla-readability": ["@types/mozilla-readability@0.2.1", "https://registry.npmmirror.com/@types/mozilla-readability/-/mozilla-readability-0.2.1.tgz", {}, "sha512-RjLpe3MIpj53L+q50DTNlhv6KjHjgajFQwAF4KuxVZTa2+6Cs2UNAxS5awxABfZEHRYjGKeRDB21Zrtnsi911w=="],

    "@types/node": ["@types/node@25.3.1", "https://registry.npmmirror.com/@types/node/-/node-25.3.1.tgz", { "dependencies": { "undici-types": "~7.18.0" } }, "sha512-hj9YIJimBCipHVfHKRMnvmHg+wfhKc0o4mTtXh9pKBjC8TLJzz0nzGmLi5UJsYAUgSvXFHgb0V2oY10DUFtImw=="],

    "@types/tough-cookie": ["@types/tough-cookie@4.0.5", "https://registry.npmmirror.com/@types/tough-cookie/-/tough-cookie-4.0.5.tgz", {}, "sha512-/Ad8+nIOV7Rl++6f1BdKxFSMgmoqEoYbHRpPcx3JEfv8VRsQe9Z4mCXeJBzxs7mbHY/XOZZuXlRNfhpVPbs6ZA=="],

    "@types/turndown": ["@types/turndown@5.0.6", "https://registry.npmmirror.com/@types/turndown/-/turndown-5.0.6.tgz", {}, "sha512-ru00MoyeeouE5BX4gRL+6m/BsDfbRayOskWqUvh7CLGW+UXxHQItqALa38kKnOiZPqJrtzJUgAC2+F0rL1S4Pg=="],

    "agent-base": ["agent-base@7.1.4", "https://registry.npmmirror.com/agent-base/-/agent-base-7.1.4.tgz", {}, "sha512-MnA+YT8fwfJPgBx3m60MNqakm30XOkyIoH1y6huTQvC0PwZG7ki8NacLBcrPbNoo8vEZy7Jpuk7+jMO+CUovTQ=="],

    "bidi-js": ["bidi-js@1.0.3", "https://registry.npmmirror.com/bidi-js/-/bidi-js-1.0.3.tgz", { "dependencies": { "require-from-string": "^2.0.2" } }, "sha512-RKshQI1R3YQ+n9YJz2QQ147P66ELpa1FQEg20Dk8oW9t2KgLbpDLLp9aGZ7y8WHSshDknG0bknqGw5/tyCs5tw=="],

    "css-tree": ["css-tree@3.1.0", "https://registry.npmmirror.com/css-tree/-/css-tree-3.1.0.tgz", { "dependencies": { "mdn-data": "2.12.2", "source-map-js": "^1.0.1" } }, "sha512-0eW44TGN5SQXU1mWSkKwFstI/22X2bG1nYzZTYMAWjylYURhse752YgbE4Cx46AC+bAvI+/dYTPRk1LqSUnu6w=="],

    "cssstyle": ["cssstyle@6.1.0", "https://registry.npmmirror.com/cssstyle/-/cssstyle-6.1.0.tgz", { "dependencies": { "@asamuzakjp/css-color": "^5.0.0", "@csstools/css-syntax-patches-for-csstree": "^1.0.28", "css-tree": "^3.1.0", "lru-cache": "^11.2.6" } }, "sha512-Ml4fP2UT2K3CUBQnVlbdV/8aFDdlY69E+YnwJM+3VUWl08S3J8c8aRuJqCkD9Py8DHZ7zNNvsfKl8psocHZEFg=="],

    "data-urls": ["data-urls@7.0.0", "https://registry.npmmirror.com/data-urls/-/data-urls-7.0.0.tgz", { "dependencies": { "whatwg-mimetype": "^5.0.0", "whatwg-url": "^16.0.0" } }, "sha512-23XHcCF+coGYevirZceTVD7NdJOqVn+49IHyxgszm+JIiHLoB2TkmPtsYkNWT1pvRSGkc35L6NHs0yHkN2SumA=="],

    "debug": ["debug@4.4.3", "https://registry.npmmirror.com/debug/-/debug-4.4.3.tgz", { "dependencies": { "ms": "^2.1.3" } }, "sha512-RGwwWnwQvkVfavKVt22FGLw+xYSdzARwm0ru6DhTVA3umU5hZc28V3kO4stgYryrTlLpuvgI9GiijltAjNbcqA=="],

    "decimal.js": ["decimal.js@10.6.0", "https://registry.npmmirror.com/decimal.js/-/decimal.js-10.6.0.tgz", {}, "sha512-YpgQiITW3JXGntzdUmyUR1V812Hn8T1YVXhCu+wO3OpS4eU9l4YdD3qjyiKdV6mvV29zapkMeD390UVEf2lkUg=="],

    "entities": ["entities@6.0.1", "https://registry.npmmirror.com/entities/-/entities-6.0.1.tgz", {}, "sha512-aN97NXWF6AWBTahfVOIrB/NShkzi5H7F9r1s9mD3cDj4Ko5f2qhhVoYMibXF7GlLveb/D2ioWay8lxI97Ven3g=="],

    "fsevents": ["fsevents@2.3.2", "https://registry.npmmirror.com/fsevents/-/fsevents-2.3.2.tgz", { "os": "darwin" }, "sha512-xiqMQR4xAeHTuB9uWm+fFRcIOgKBMiOBP+eXiyT7jsgVCq1bkVygt00oASowB7EdtpOHaaPgKt812P9ab+DDKA=="],

    "html-encoding-sniffer": ["html-encoding-sniffer@6.0.0", "https://registry.npmmirror.com/html-encoding-sniffer/-/html-encoding-sniffer-6.0.0.tgz", { "dependencies": { "@exodus/bytes": "^1.6.0" } }, "sha512-CV9TW3Y3f8/wT0BRFc1/KAVQ3TUHiXmaAb6VW9vtiMFf7SLoMd1PdAc4W3KFOFETBJUb90KatHqlsZMWV+R9Gg=="],

    "http-proxy-agent": ["http-proxy-agent@7.0.2", "https://registry.npmmirror.com/http-proxy-agent/-/http-proxy-agent-7.0.2.tgz", { "dependencies": { "agent-base": "^7.1.0", "debug": "^4.3.4" } }, "sha512-T1gkAiYYDWYx3V5Bmyu7HcfcvL7mUrTWiM6yOfa3PIphViJ/gFPbvidQ+veqSOHci/PxBcDabeUNCzpOODJZig=="],

    "https-proxy-agent": ["https-proxy-agent@7.0.6", "https://registry.npmmirror.com/https-proxy-agent/-/https-proxy-agent-7.0.6.tgz", { "dependencies": { "agent-base": "^7.1.2", "debug": "4" } }, "sha512-vK9P5/iUfdl95AI+JVyUuIcVtd4ofvtrOr3HNtM2yxC9bnMbEdp3x01OhQNnjb8IJYi38VlTE3mBXwcfvywuSw=="],

    "is-potential-custom-element-name": ["is-potential-custom-element-name@1.0.1", "https://registry.npmmirror.com/is-potential-custom-element-name/-/is-potential-custom-element-name-1.0.1.tgz", {}, "sha512-bCYeRA2rVibKZd+s2625gGnGF/t7DSqDs4dP7CrLA1m7jKWz6pps0LpYLJN8Q64HtmPKJ1hrN3nzPNKFEKOUiQ=="],

    "jsdom": ["jsdom@28.1.0", "https://registry.npmmirror.com/jsdom/-/jsdom-28.1.0.tgz", { "dependencies": { "@acemir/cssom": "^0.9.31", "@asamuzakjp/dom-selector": "^6.8.1", "@bramus/specificity": "^2.4.2", "@exodus/bytes": "^1.11.0", "cssstyle": "^6.0.1", "data-urls": "^7.0.0", "decimal.js": "^10.6.0", "html-encoding-sniffer": "^6.0.0", "http-proxy-agent": "^7.0.2", "https-proxy-agent": "^7.0.6", "is-potential-custom-element-name": "^1.0.1", "parse5": "^8.0.0", "saxes": "^6.0.0", "symbol-tree": "^3.2.4", "tough-cookie": "^6.0.0", "undici": "^7.21.0", "w3c-xmlserializer": "^5.0.0", "webidl-conversions": "^8.0.1", "whatwg-mimetype": "^5.0.0", "whatwg-url": "^16.0.0", "xml-name-validator": "^5.0.0" }, "peerDependencies": { "canvas": "^3.0.0" }, "optionalPeers": ["canvas"] }, "sha512-0+MoQNYyr2rBHqO1xilltfDjV9G7ymYGlAUazgcDLQaUf8JDHbuGwsxN6U9qWaElZ4w1B2r7yEGIL3GdeW3Rug=="],

    "lru-cache": ["lru-cache@11.2.6", "https://registry.npmmirror.com/lru-cache/-/lru-cache-11.2.6.tgz", {}, "sha512-ESL2CrkS/2wTPfuend7Zhkzo2u0daGJ/A2VucJOgQ/C48S/zB8MMeMHSGKYpXhIjbPxfuezITkaBH1wqv00DDQ=="],

    "mdn-data": ["mdn-data@2.12.2", "https://registry.npmmirror.com/mdn-data/-/mdn-data-2.12.2.tgz", {}, "sha512-IEn+pegP1aManZuckezWCO+XZQDplx1366JoVhTpMpBB1sPey/SbveZQUosKiKiGYjg1wH4pMlNgXbCiYgihQA=="],

    "ms": ["ms@2.1.3", "https://registry.npmmirror.com/ms/-/ms-2.1.3.tgz", {}, "sha512-6FlzubTLZG3J2a/NVCAleEhjzq5oxgHyaCU9yYXvcLsvoVaHJq/s5xXI6/XXP6tz7R9xAOtHnSO/tXtF3WRTlA=="],

    "parse5": ["parse5@7.3.0", "https://registry.npmmirror.com/parse5/-/parse5-7.3.0.tgz", { "dependencies": { "entities": "^6.0.0" } }, "sha512-IInvU7fabl34qmi9gY8XOVxhYyMyuH2xUNpb2q8/Y+7552KlejkRvqvD19nMoUW/uQGGbqNpA6Tufu5FL5BZgw=="],

    "playwright": ["playwright@1.58.2", "https://registry.npmmirror.com/playwright/-/playwright-1.58.2.tgz", { "dependencies": { "playwright-core": "1.58.2" }, "optionalDependencies": { "fsevents": "2.3.2" }, "bin": { "playwright": "cli.js" } }, "sha512-vA30H8Nvkq/cPBnNw4Q8TWz1EJyqgpuinBcHET0YVJVFldr8JDNiU9LaWAE1KqSkRYazuaBhTpB5ZzShOezQ6A=="],

    "playwright-core": ["playwright-core@1.58.2", "https://registry.npmmirror.com/playwright-core/-/playwright-core-1.58.2.tgz", { "bin": { "playwright-core": "cli.js" } }, "sha512-yZkEtftgwS8CsfYo7nm0KE8jsvm6i/PTgVtB8DL726wNf6H2IMsDuxCpJj59KDaxCtSnrWan2AeDqM7JBaultg=="],

    "punycode": ["punycode@2.3.1", "https://registry.npmmirror.com/punycode/-/punycode-2.3.1.tgz", {}, "sha512-vYt7UD1U9Wg6138shLtLOvdAu+8DsC/ilFtEVHcH+wydcSpNE20AfSOduf6MkRFahL5FY7X1oU7nKVZFtfq8Fg=="],

    "require-from-string": ["require-from-string@2.0.2", "https://registry.npmmirror.com/require-from-string/-/require-from-string-2.0.2.tgz", {}, "sha512-Xf0nWe6RseziFMu+Ap9biiUbmplq6S9/p+7w7YXP/JBHhrUDDUhwa+vANyubuqfZWTveU//DYVGsDG7RKL/vEw=="],

    "saxes": ["saxes@6.0.0", "https://registry.npmmirror.com/saxes/-/saxes-6.0.0.tgz", { "dependencies": { "xmlchars": "^2.2.0" } }, "sha512-xAg7SOnEhrm5zI3puOOKyy1OMcMlIJZYNJY7xLBwSze0UjhPLnWfj2GF2EpT0jmzaJKIWKHLsaSSajf35bcYnA=="],

    "source-map-js": ["source-map-js@1.2.1", "https://registry.npmmirror.com/source-map-js/-/source-map-js-1.2.1.tgz", {}, "sha512-UXWMKhLOwVKb728IUtQPXxfYU+usdybtUrK/8uGE8CQMvrhOpwvzDBwj0QhSL7MQc7vIsISBG8VQ8+IDQxpfQA=="],

    "symbol-tree": ["symbol-tree@3.2.4", "https://registry.npmmirror.com/symbol-tree/-/symbol-tree-3.2.4.tgz", {}, "sha512-9QNk5KwDF+Bvz+PyObkmSYjI5ksVUYtjW7AU22r2NKcfLJcXp96hkDWU3+XndOsUb+AQ9QhfzfCT2O+CNWT5Tw=="],

    "tldts": ["tldts@7.0.23", "https://registry.npmmirror.com/tldts/-/tldts-7.0.23.tgz", { "dependencies": { "tldts-core": "^7.0.23" }, "bin": { "tldts": "bin/cli.js" } }, "sha512-ASdhgQIBSay0R/eXggAkQ53G4nTJqTXqC2kbaBbdDwM7SkjyZyO0OaaN1/FH7U/yCeqOHDwFO5j8+Os/IS1dXw=="],

    "tldts-core": ["tldts-core@7.0.23", "https://registry.npmmirror.com/tldts-core/-/tldts-core-7.0.23.tgz", {}, "sha512-0g9vrtDQLrNIiCj22HSe9d4mLVG3g5ph5DZ8zCKBr4OtrspmNB6ss7hVyzArAeE88ceZocIEGkyW1Ime7fxPtQ=="],

    "tough-cookie": ["tough-cookie@6.0.0", "https://registry.npmmirror.com/tough-cookie/-/tough-cookie-6.0.0.tgz", { "dependencies": { "tldts": "^7.0.5" } }, "sha512-kXuRi1mtaKMrsLUxz3sQYvVl37B0Ns6MzfrtV5DvJceE9bPyspOqk9xxv7XbZWcfLWbFmm997vl83qUWVJA64w=="],

    "tr46": ["tr46@6.0.0", "https://registry.npmmirror.com/tr46/-/tr46-6.0.0.tgz", { "dependencies": { "punycode": "^2.3.1" } }, "sha512-bLVMLPtstlZ4iMQHpFHTR7GAGj2jxi8Dg0s2h2MafAE4uSWF98FC/3MomU51iQAMf8/qDUbKWf5GxuvvVcXEhw=="],

    "turndown": ["turndown@7.2.2", "https://registry.npmmirror.com/turndown/-/turndown-7.2.2.tgz", { "dependencies": { "@mixmark-io/domino": "^2.2.0" } }, "sha512-1F7db8BiExOKxjSMU2b7if62D/XOyQyZbPKq/nUwopfgnHlqXHqQ0lvfUTeUIr1lZJzOPFn43dODyMSIfvWRKQ=="],

    "typescript": ["typescript@5.9.3", "https://registry.npmmirror.com/typescript/-/typescript-5.9.3.tgz", { "bin": { "tsc": "bin/tsc", "tsserver": "bin/tsserver" } }, "sha512-jl1vZzPDinLr9eUt3J/t7V6FgNEw9QjvBPdysz9KfQDD41fQrC2Y4vKQdiaUpFT4bXlb1RHhLpp8wtm6M5TgSw=="],

    "undici": ["undici@7.22.0", "https://registry.npmmirror.com/undici/-/undici-7.22.0.tgz", {}, "sha512-RqslV2Us5BrllB+JeiZnK4peryVTndy9Dnqq62S3yYRRTj0tFQCwEniUy2167skdGOy3vqRzEvl1Dm4sV2ReDg=="],

    "undici-types": ["undici-types@7.22.0", "https://registry.npmmirror.com/undici-types/-/undici-types-7.22.0.tgz", {}, "sha512-RKZvifiL60xdsIuC80UY0dq8Z7DbJUV8/l2hOVbyZAxBzEeQU4Z58+4ZzJ6WN2Lidi9KzT5EbiGX+PI/UGYuRw=="],

    "w3c-xmlserializer": ["w3c-xmlserializer@5.0.0", "https://registry.npmmirror.com/w3c-xmlserializer/-/w3c-xmlserializer-5.0.0.tgz", { "dependencies": { "xml-name-validator": "^5.0.0" } }, "sha512-o8qghlI8NZHU1lLPrpi2+Uq7abh4GGPpYANlalzWxyWteJOCsr/P+oPBA49TOLu5FTZO4d3F9MnWJfiMo4BkmA=="],

    "webidl-conversions": ["webidl-conversions@8.0.1", "https://registry.npmmirror.com/webidl-conversions/-/webidl-conversions-8.0.1.tgz", {}, "sha512-BMhLD/Sw+GbJC21C/UgyaZX41nPt8bUTg+jWyDeg7e7YN4xOM05YPSIXceACnXVtqyEw/LMClUQMtMZ+PGGpqQ=="],

    "whatwg-mimetype": ["whatwg-mimetype@5.0.0", "https://registry.npmmirror.com/whatwg-mimetype/-/whatwg-mimetype-5.0.0.tgz", {}, "sha512-sXcNcHOC51uPGF0P/D4NVtrkjSU2fNsm9iog4ZvZJsL3rjoDAzXZhkm2MWt1y+PUdggKAYVoMAIYcs78wJ51Cw=="],

    "whatwg-url": ["whatwg-url@16.0.1", "https://registry.npmmirror.com/whatwg-url/-/whatwg-url-16.0.1.tgz", { "dependencies": { "@exodus/bytes": "^1.11.0", "tr46": "^6.0.0", "webidl-conversions": "^8.0.1" } }, "sha512-1to4zXBxmXHV3IiSSEInrreIlu02vUOvrhxJJH5vcxYTBDAx51cqZiKdyTxlecdKNSjj8EcxGBxNf6Vg+945gw=="],

    "xml-name-validator": ["xml-name-validator@5.0.0", "https://registry.npmmirror.com/xml-name-validator/-/xml-name-validator-5.0.0.tgz", {}, "sha512-EvGK8EJ3DhaHfbRlETOWAS5pO9MZITeauHKJyb8wyajUfQUenkIg2MvLDTZ4T/TgIcm3HU0TFBgWWboAZ30UHg=="],

    "xmlchars": ["xmlchars@2.2.0", "https://registry.npmmirror.com/xmlchars/-/xmlchars-2.2.0.tgz", {}, "sha512-JZnDKK8B0RCDw84FNdDAIpZK+JuJw+s7Lz8nksI7SIuU3UXJJslUthsi+uWBUYOwPFwW7W7PRLRfUKpxjtjFCw=="],

    "zod": ["zod@4.1.8", "https://registry.npmmirror.com/zod/-/zod-4.1.8.tgz", {}, "sha512-5R1P+WwQqmmMIEACyzSvo4JXHY5WiAFHRMg+zBZKgKS+Q1viRa0C1hmUKtHltoIFKtIdki3pRxkmpP74jnNYHQ=="],

    "@types/node/undici-types": ["undici-types@7.18.2", "https://registry.npmmirror.com/undici-types/-/undici-types-7.18.2.tgz", {}, "sha512-AsuCzffGHJybSaRrmr5eHr81mwJU3kjw6M+uprWvCXiNeN9SOGwQ3Jn8jb8m3Z6izVgknn1R0FTCEAP2QrLY/w=="],

    "jsdom/parse5": ["parse5@8.0.0", "https://registry.npmmirror.com/parse5/-/parse5-8.0.0.tgz", { "dependencies": { "entities": "^6.0.0" } }, "sha512-9m4m5GSgXjL4AjumKzq1Fgfp3Z8rsvjRNbnkVwfu2ImRqE5D0LnY2QfDen18FSY9C573YU5XxSapdHZTZ2WolA=="],
  }
}
